// !$*UTF8*$!
{
	archiveVersion = 1;
	classes = {
	};
	objectVersion = 48;
	objects = {

/* Begin PBXBuildFile section */
		A63103E820604EDD0018A8D0 /* AppDelegate.swift in Sources */ = {isa = PBXBuildFile; fileRef = A63103E720604EDD0018A8D0 /* AppDelegate.swift */; };
		A63103ED20604EDD0018A8D0 /* Main.storyboard in Resources */ = {isa = PBXBuildFile; fileRef = A63103EB20604EDD0018A8D0 /* Main.storyboard */; };
		A63103F020604EDD0018A8D0 /* tab_bar.xcdatamodeld in Sources */ = {isa = PBXBuildFile; fileRef = A63103EE20604EDD0018A8D0 /* tab_bar.xcdatamodeld */; };
		A63103F220604EDD0018A8D0 /* Assets.xcassets in Resources */ = {isa = PBXBuildFile; fileRef = A63103F120604EDD0018A8D0 /* Assets.xcassets */; };
		A63103F520604EDD0018A8D0 /* LaunchScreen.storyboard in Resources */ = {isa = PBXBuildFile; fileRef = A63103F320604EDD0018A8D0 /* LaunchScreen.storyboard */; };
		A631040020604EDD0018A8D0 /* tab_barTests.swift in Sources */ = {isa = PBXBuildFile; fileRef = A63103FF20604EDD0018A8D0 /* tab_barTests.swift */; };
		A631040B20604EDD0018A8D0 /* tab_barUITests.swift in Sources */ = {isa = PBXBuildFile; fileRef = A631040A20604EDD0018A8D0 /* tab_barUITests.swift */; };
		A631041D206062C20018A8D0 /* A.swift in Sources */ = {isa = PBXBuildFile; fileRef = A631041C206062C20018A8D0 /* A.swift */; };
		A631041F206063080018A8D0 /* B.swift in Sources */ = {isa = PBXBuildFile; fileRef = A631041E206063080018A8D0 /* B.swift */; };
/* End PBXBuildFile section */

/* Begin PBXContainerItemProxy section */
		A63103FC20604EDD0018A8D0 /* PBXContainerItemProxy */ = {
			isa = PBXContainerItemProxy;
			containerPortal = A63103DC20604EDD0018A8D0 /* Project object */;
			proxyType = 1;
			remoteGlobalIDString = A63103E320604EDD0018A8D0;
			remoteInfo = tab_bar;
		};
		A631040720604EDD0018A8D0 /* PBXContainerItemProxy */ = {
			isa = PBXContainerItemProxy;
			containerPortal = A63103DC20604EDD0018A8D0 /* Project object */;
			proxyType = 1;
			remoteGlobalIDString = A63103E320604EDD0018A8D0;
			remoteInfo = tab_bar;
		};
/* End PBXContainerItemProxy section */

/* Begin PBXFileReference section */
		A63103E420604EDD0018A8D0 /* tab_bar.app */ = {isa = PBXFileReference; explicitFileType = wrapper.application; includeInIndex = 0; path = tab_bar.app; sourceTree = BUILT_PRODUCTS_DIR; };
		A63103E720604EDD0018A8D0 /* AppDelegate.swift */ = {isa = PBXFileReference; lastKnownFileType = sourcecode.swift; path = AppDelegate.swift; sourceTree = "<group>"; };
		A63103EC20604EDD0018A8D0 /* Base */ = {isa = PBXFileReference; lastKnownFileType = file.storyboard; name = Base; path = Base.lproj/Main.storyboard; sourceTree = "<group>"; };
		A63103EF20604EDD0018A8D0 /* tab_bar.xcdatamodel */ = {isa = PBXFileReference; lastKnownFileType = wrapper.xcdatamodel; path = tab_bar.xcdatamodel; sourceTree = "<group>"; };
		A63103F120604EDD0018A8D0 /* Assets.xcassets */ = {isa = PBXFileReference; lastKnownFileType = folder.assetcatalog; path = Assets.xcassets; sourceTree = "<group>"; };
		A63103F420604EDD0018A8D0 /* Base */ = {isa = PBXFileReference; lastKnownFileType = file.storyboard; name = Base; path = Base.lproj/LaunchScreen.storyboard; sourceTree = "<group>"; };
		A63103F620604EDD0018A8D0 /* Info.plist */ = {isa = PBXFileReference; lastKnownFileType = text.plist.xml; path = Info.plist; sourceTree = "<group>"; };
		A63103FB20604EDD0018A8D0 /* tab_barTests.xctest */ = {isa = PBXFileReference; explicitFileType = wrapper.cfbundle; includeInIndex = 0; path = tab_barTests.xctest; sourceTree = BUILT_PRODUCTS_DIR; };
		A63103FF20604EDD0018A8D0 /* tab_barTests.swift */ = {isa = PBXFileReference; lastKnownFileType = sourcecode.swift; path = tab_barTests.swift; sourceTree = "<group>"; };
		A631040120604EDD0018A8D0 /* Info.plist */ = {isa = PBXFileReference; lastKnownFileType = text.plist.xml; path = Info.plist; sourceTree = "<group>"; };
		A631040620604EDD0018A8D0 /* tab_barUITests.xctest */ = {isa = PBXFileReference; explicitFileType = wrapper.cfbundle; includeInIndex = 0; path = tab_barUITests.xctest; sourceTree = BUILT_PRODUCTS_DIR; };
		A631040A20604EDD0018A8D0 /* tab_barUITests.swift */ = {isa = PBXFileReference; lastKnownFileType = sourcecode.swift; path = tab_barUITests.swift; sourceTree = "<group>"; };
		A631040C20604EDD0018A8D0 /* Info.plist */ = {isa = PBXFileReference; lastKnownFileType = text.plist.xml; path = Info.plist; sourceTree = "<group>"; };
		A631041C206062C20018A8D0 /* A.swift */ = {isa = PBXFileReference; lastKnownFileType = sourcecode.swift; path = A.swift; sourceTree = "<group>"; };
		A631041E206063080018A8D0 /* B.swift */ = {isa = PBXFileReference; lastKnownFileType = sourcecode.swift; path = B.swift; sourceTree = "<group>"; };
/* End PBXFileReference section */

/* Begin PBXFrameworksBuildPhase section */
		A63103E120604EDD0018A8D0 /* Frameworks */ = {
			isa = PBXFrameworksBuildPhase;
			buildActionMask = 2147483647;
			files = (
			);
			runOnlyForDeploymentPostprocessing = 0;
		};
		A63103F820604EDD0018A8D0 /* Frameworks */ = {
			isa = PBXFrameworksBuildPhase;
			buildActionMask = 2147483647;
			files = (
			);
			runOnlyForDeploymentPostprocessing = 0;
		};
		A631040320604EDD0018A8D0 /* Frameworks */ = {
			isa = PBXFrameworksBuildPhase;
			buildActionMask = 2147483647;
			files = (
			);
			runOnlyForDeploymentPostprocessing = 0;
		};
/* End PBXFrameworksBuildPhase section */

/* Begin PBXGroup section */
		A63103DB20604EDD0018A8D0 = {
			isa = PBXGroup;
			children = (
				A631041C206062C20018A8D0 /* A.swift */,
				A63103E620604EDD0018A8D0 /* tab_bar */,
				A63103FE20604EDD0018A8D0 /* tab_barTests */,
				A631040920604EDD0018A8D0 /* tab_barUITests */,
				A63103E520604EDD0018A8D0 /* Products */,
			);
			sourceTree = "<group>";
		};
		A63103E520604EDD0018A8D0 /* Products */ = {
			isa = PBXGroup;
			children = (
				A63103E420604EDD0018A8D0 /* tab_bar.app */,
				A63103FB20604EDD0018A8D0 /* tab_barTests.xctest */,
				A631040620604EDD0018A8D0 /* tab_barUITests.xctest */,
			);
			name = Products;
			sourceTree = "<group>";
		};
		A63103E620604EDD0018A8D0 /* tab_bar */ = {
			isa = PBXGroup;
			children = (
				A63103E720604EDD0018A8D0 /* AppDelegate.swift */,
				A63103EB20604EDD0018A8D0 /* Main.storyboard */,
				A631041E206063080018A8D0 /* B.swift */,
				A63103F120604EDD0018A8D0 /* Assets.xcassets */,
				A63103F320604EDD0018A8D0 /* LaunchScreen.storyboard */,
				A63103F620604EDD0018A8D0 /* Info.plist */,
				A63103EE20604EDD0018A8D0 /* tab_bar.xcdatamodeld */,
			);
			path = tab_bar;
			sourceTree = "<group>";
		};
		A63103FE20604EDD0018A8D0 /* tab_barTests */ = {
			isa = PBXGroup;
			children = (
				A63103FF20604EDD0018A8D0 /* tab_barTests.swift */,
				A631040120604EDD0018A8D0 /* Info.plist */,
			);
			path = tab_barTests;
			sourceTree = "<group>";
		};
		A631040920604EDD0018A8D0 /* tab_barUITests */ = {
			isa = PBXGroup;
			children = (
				A631040A20604EDD0018A8D0 /* tab_barUITests.swift */,
				A631040C20604EDD0018A8D0 /* Info.plist */,
			);
			path = tab_barUITests;
			sourceTree = "<group>";
		};
/* End PBXGroup section */

/* Begin PBXNativeTarget section */
		A63103E320604EDD0018A8D0 /* tab_bar */ = {
			isa = PBXNativeTarget;
			buildConfigurationList = A631040F20604EDD0018A8D0 /* Build configuration list for PBXNativeTarget "tab_bar" */;
			buildPhases = (
				A63103E020604EDD0018A8D0 /* Sources */,
				A63103E120604EDD0018A8D0 /* Frameworks */,
				A63103E220604EDD0018A8D0 /* Resources */,
			);
			buildRules = (
			);
			dependencies = (
			);
			name = tab_bar;
			productName = tab_bar;
			productReference = A63103E420604EDD0018A8D0 /* tab_bar.app */;
			productType = "com.apple.product-type.application";
		};
		A63103FA20604EDD0018A8D0 /* tab_barTests */ = {
			isa = PBXNativeTarget;
			buildConfigurationList = A631041220604EDD0018A8D0 /* Build configuration list for PBXNativeTarget "tab_barTests" */;
			buildPhases = (
				A63103F720604EDD0018A8D0 /* Sources */,
				A63103F820604EDD0018A8D0 /* Frameworks */,
				A63103F920604EDD0018A8D0 /* Resources */,
			);
			buildRules = (
			);
			dependencies = (
				A63103FD20604EDD0018A8D0 /* PBXTargetDependency */,
			);
			name = tab_barTests;
			productName = tab_barTests;
			productReference = A63103FB20604EDD0018A8D0 /* tab_barTests.xctest */;
			productType = "com.apple.product-type.bundle.unit-test";
		};
		A631040520604EDD0018A8D0 /* tab_barUITests */ = {
			isa = PBXNativeTarget;
			buildConfigurationList = A631041520604EDD0018A8D0 /* Build configuration list for PBXNativeTarget "tab_barUITests" */;
			buildPhases = (
				A631040220604EDD0018A8D0 /* Sources */,
				A631040320604EDD0018A8D0 /* Frameworks */,
				A631040420604EDD0018A8D0 /* Resources */,
			);
			buildRules = (
			);
			dependencies = (
				A631040820604EDD0018A8D0 /* PBXTargetDependency */,
			);
			name = tab_barUITests;
			productName = tab_barUITests;
			productReference = A631040620604EDD0018A8D0 /* tab_barUITests.xctest */;
			productType = "com.apple.product-type.bundle.ui-testing";
		};
/* End PBXNativeTarget section */

/* Begin PBXProject section */
		A63103DC20604EDD0018A8D0 /* Project object */ = {
			isa = PBXProject;
			attributes = {
				LastSwiftUpdateCheck = 0920;
				LastUpgradeCheck = 0920;
				ORGANIZATIONNAME = "Ruslan Suvorov";
				TargetAttributes = {
					A63103E320604EDD0018A8D0 = {
						CreatedOnToolsVersion = 9.2;
						ProvisioningStyle = Automatic;
					};
					A63103FA20604EDD0018A8D0 = {
						CreatedOnToolsVersion = 9.2;
						ProvisioningStyle = Automatic;
						TestTargetID = A63103E320604EDD0018A8D0;
					};
					A631040520604EDD0018A8D0 = {
						CreatedOnToolsVersion = 9.2;
						ProvisioningStyle = Automatic;
						TestTargetID = A63103E320604EDD0018A8D0;
					};
				};
			};
			buildConfigurationList = A63103DF20604EDD0018A8D0 /* Build configuration list for PBXProject "tab_bar" */;
			compatibilityVersion = "Xcode 8.0";
			developmentRegion = en;
			hasScannedForEncodings = 0;
			knownRegions = (
				en,
				Base,
			);
			mainGroup = A63103DB20604EDD0018A8D0;
			productRefGroup = A63103E520604EDD0018A8D0 /* Products */;
			projectDirPath = "";
			projectRoot = "";
			targets = (
				A63103E320604EDD0018A8D0 /* tab_bar */,
				A63103FA20604EDD0018A8D0 /* tab_barTests */,
				A631040520604EDD0018A8D0 /* tab_barUITests */,
			);
		};
/* End PBXProject section */

/* Begin PBXResourcesBuildPhase section */
		A63103E220604EDD0018A8D0 /* Resources */ = {
			isa = PBXResourcesBuildPhase;
			buildActionMask = 2147483647;
			files = (
				A63103F520604EDD0018A8D0 /* LaunchScreen.storyboard in Resources */,
				A63103F220604EDD0018A8D0 /* Assets.xcassets in Resources */,
				A63103ED20604EDD0018A8D0 /* Main.storyboard in Resources */,
			);
			runOnlyForDeploymentPostprocessing = 0;
		};
		A63103F920604EDD0018A8D0 /* Resources */ = {
			isa = PBXResourcesBuildPhase;
			buildActionMask = 2147483647;
			files = (
			);
			runOnlyForDeploymentPostprocessing = 0;
		};
		A631040420604EDD0018A8D0 /* Resources */ = {
			isa = PBXResourcesBuildPhase;
			buildActionMask = 2147483647;
			files = (
			);
			runOnlyForDeploymentPostprocessing = 0;
		};
/* End PBXResourcesBuildPhase section */

/* Begin PBXSourcesBuildPhase section */
		A63103E020604EDD0018A8D0 /* Sources */ = {
			isa = PBXSourcesBuildPhase;
			buildActionMask = 2147483647;
			files = (
				A631041F206063080018A8D0 /* B.swift in Sources */,
				A631041D206062C20018A8D0 /* A.swift in Sources */,
				A63103F020604EDD0018A8D0 /* tab_bar.xcdatamodeld in Sources */,
				A63103E820604EDD0018A8D0 /* AppDelegate.swift in Sources */,
			);
			runOnlyForDeploymentPostprocessing = 0;
		};
		A63103F720604EDD0018A8D0 /* Sources */ = {
			isa = PBXSourcesBuildPhase;
			buildActionMask = 2147483647;
			files = (
				A631040020604EDD0018A8D0 /* tab_barTests.swift in Sources */,
			);
			runOnlyForDeploymentPostprocessing = 0;
		};
		A631040220604EDD0018A8D0 /* Sources */ = {
			isa = PBXSourcesBuildPhase;
			buildActionMask = 2147483647;
			files = (
				A631040B20604EDD0018A8D0 /* tab_barUITests.swift in Sources */,
			);
			runOnlyForDeploymentPostprocessing = 0;
		};
/* End PBXSourcesBuildPhase section */

/* Begin PBXTargetDependency section */
		A63103FD20604EDD0018A8D0 /* PBXTargetDependency */ = {
			isa = PBXTargetDependency;
			target = A63103E320604EDD0018A8D0 /* tab_bar */;
			targetProxy = A63103FC20604EDD0018A8D0 /* PBXContainerItemProxy */;
		};
		A631040820604EDD0018A8D0 /* PBXTargetDependency */ = {
			isa = PBXTargetDependency;
			target = A63103E320604EDD0018A8D0 /* tab_bar */;
			targetProxy = A631040720604EDD0018A8D0 /* PBXContainerItemProxy */;
		};
/* End PBXTargetDependency section */

/* Begin PBXVariantGroup section */
		A63103EB20604EDD0018A8D0 /* Main.storyboard */ = {
			isa = PBXVariantGroup;
			children = (
				A63103EC20604EDD0018A8D0 /* Base */,
			);
			name = Main.storyboard;
			sourceTree = "<group>";
		};
		A63103F320604EDD0018A8D0 /* LaunchScreen.storyboard */ = {
			isa = PBXVariantGroup;
			children = (
				A63103F420604EDD0018A8D0 /* Base */,
			);
			name = LaunchScreen.storyboard;
			sourceTree = "<group>";
		};
/* End PBXVariantGroup section */

/* Begin XCBuildConfiguration section */
		A631040D20604EDD0018A8D0 /* Debug */ = {
			isa = XCBuildConfiguration;
			buildSettings = {
				ALWAYS_SEARCH_USER_PATHS = NO;
				CLANG_ANALYZER_NONNULL = YES;
				CLANG_ANALYZER_NUMBER_OBJECT_CONVERSION = YES_AGGRESSIVE;
				CLANG_CXX_LANGUAGE_STANDARD = "gnu++14";
				CLANG_CXX_LIBRARY = "libc++";
				CLANG_ENABLE_MODULES = YES;
				CLANG_ENABLE_OBJC_ARC = YES;
				CLANG_WARN_BLOCK_CAPTURE_AUTORELEASING = YES;
				CLANG_WARN_BOOL_CONVERSION = YES;
				CLANG_WARN_COMMA = YES;
				CLANG_WARN_CONSTANT_CONVERSION = YES;
				CLANG_WARN_DIRECT_OBJC_ISA_USAGE = YES_ERROR;
				CLANG_WARN_DOCUMENTATION_COMMENTS = YES;
				CLANG_WARN_EMPTY_BODY = YES;
				CLANG_WARN_ENUM_CONVERSION = YES;
				CLANG_WARN_INFINITE_RECURSION = YES;
				CLANG_WARN_INT_CONVERSION = YES;
				CLANG_WARN_NON_LITERAL_NULL_CONVERSION = YES;
				CLANG_WARN_OBJC_LITERAL_CONVERSION = YES;
				CLANG_WARN_OBJC_ROOT_CLASS = YES_ERROR;
				CLANG_WARN_RANGE_LOOP_ANALYSIS = YES;
				CLANG_WARN_STRICT_PROTOTYPES = YES;
				CLANG_WARN_SUSPICIOUS_MOVE = YES;
				CLANG_WARN_UNGUARDED_AVAILABILITY = YES_AGGRESSIVE;
				CLANG_WARN_UNREACHABLE_CODE = YES;
				CLANG_WARN__DUPLICATE_METHOD_MATCH = YES;
				CODE_SIGN_IDENTITY = "iPhone Developer";
				COPY_PHASE_STRIP = NO;
				DEBUG_INFORMATION_FORMAT = dwarf;
				ENABLE_STRICT_OBJC_MSGSEND = YES;
				ENABLE_TESTABILITY = YES;
				GCC_C_LANGUAGE_STANDARD = gnu11;
				GCC_DYNAMIC_NO_PIC = NO;
				GCC_NO_COMMON_BLOCKS = YES;
				GCC_OPTIMIZATION_LEVEL = 0;
				GCC_PREPROCESSOR_DEFINITIONS = (
					"DEBUG=1",
					"$(inherited)",
				);
				GCC_WARN_64_TO_32_BIT_CONVERSION = YES;
				GCC_WARN_ABOUT_RETURN_TYPE = YES_ERROR;
				GCC_WARN_UNDECLARED_SELECTOR = YES;
				GCC_WARN_UNINITIALIZED_AUTOS = YES_AGGRESSIVE;
				GCC_WARN_UNUSED_FUNCTION = YES;
				GCC_WARN_UNUSED_VARIABLE = YES;
				IPHONEOS_DEPLOYMENT_TARGET = 11.2;
				MTL_ENABLE_DEBUG_INFO = YES;
				ONLY_ACTIVE_ARCH = YES;
				SDKROOT = iphoneos;
				SWIFT_ACTIVE_COMPILATION_CONDITIONS = DEBUG;
				SWIFT_OPTIMIZATION_LEVEL = "-Onone";
			};
			name = Debug;
		};
		A631040E20604EDD0018A8D0 /* Release */ = {
			isa = XCBuildConfiguration;
			buildSettings = {
				ALWAYS_SEARCH_USER_PATHS = NO;
				CLANG_ANALYZER_NONNULL = YES;
				CLANG_ANALYZER_NUMBER_OBJECT_CONVERSION = YES_AGGRESSIVE;
				CLANG_CXX_LANGUAGE_STANDARD = "gnu++14";
				CLANG_CXX_LIBRARY = "libc++";
				CLANG_ENABLE_MODULES = YES;
				CLANG_ENABLE_OBJC_ARC = YES;
				CLANG_WARN_BLOCK_CAPTURE_AUTORELEASING = YES;
				CLANG_WARN_BOOL_CONVERSION = YES;
				CLANG_WARN_COMMA = YES;
				CLANG_WARN_CONSTANT_CONVERSION = YES;
				CLANG_WARN_DIRECT_OBJC_ISA_USAGE = YES_ERROR;
				CLANG_WARN_DOCUMENTATION_COMMENTS = YES;
				CLANG_WARN_EMPTY_BODY = YES;
				CLANG_WARN_ENUM_CONVERSION = YES;
				CLANG_WARN_INFINITE_RECURSION = YES;
				CLANG_WARN_INT_CONVERSION = YES;
				CLANG_WARN_NON_LITERAL_NULL_CONVERSION = YES;
				CLANG_WARN_OBJC_LITERAL_CONVERSION = YES;
				CLANG_WARN_OBJC_ROOT_CLASS = YES_ERROR;
				CLANG_WARN_RANGE_LOOP_ANALYSIS = YES;
				CLANG_WARN_STRICT_PROTOTYPES = YES;
				CLANG_WARN_SUSPICIOUS_MOVE = YES;
				CLANG_WARN_UNGUARDED_AVAILABILITY = YES_AGGRESSIVE;
				CLANG_WARN_UNREACHABLE_CODE = YES;
				CLANG_WARN__DUPLICATE_METHOD_MATCH = YES;
				CODE_SIGN_IDENTITY = "iPhone Developer";
				COPY_PHASE_STRIP = NO;
				DEBUG_INFORMATION_FORMAT = "dwarf-with-dsym";
				ENABLE_NS_ASSERTIONS = NO;
				ENABLE_STRICT_OBJC_MSGSEND = YES;
				GCC_C_LANGUAGE_STANDARD = gnu11;
				GCC_NO_COMMON_BLOCKS = YES;
				GCC_WARN_64_TO_32_BIT_CONVERSION = YES;
				GCC_WARN_ABOUT_RETURN_TYPE = YES_ERROR;
				GCC_WARN_UNDECLARED_SELECTOR = YES;
				GCC_WARN_UNINITIALIZED_AUTOS = YES_AGGRESSIVE;
				GCC_WARN_UNUSED_FUNCTION = YES;
				GCC_WARN_UNUSED_VARIABLE = YES;
				IPHONEOS_DEPLOYMENT_TARGET = 11.2;
				MTL_ENABLE_DEBUG_INFO = NO;
				SDKROOT = iphoneos;
				SWIFT_OPTIMIZATION_LEVEL = "-Owholemodule";
				VALIDATE_PRODUCT = YES;
			};
			name = Release;
		};
		A631041020604EDD0018A8D0 /* Debug */ = {
			isa = XCBuildConfiguration;
			buildSettings = {
				ASSETCATALOG_COMPILER_APPICON_NAME = AppIcon;
				CODE_SIGN_STYLE = Automatic;
				DEVELOPMENT_TEAM = 4LCWFZ2JA9;
				INFOPLIST_FILE = tab_bar/Info.plist;
				LD_RUNPATH_SEARCH_PATHS = "$(inherited) @executable_path/Frameworks";
				PRODUCT_BUNDLE_IDENTIFIER = "none.tab-bar";
				PRODUCT_NAME = "$(TARGET_NAME)";
				SWIFT_VERSION = 4.0;
				TARGETED_DEVICE_FAMILY = "1,2";
			};
			name = Debug;
		};
		A631041120604EDD0018A8D0 /* Release */ = {
			isa = XCBuildConfiguration;
			buildSettings = {
				ASSETCATALOG_COMPILER_APPICON_NAME = AppIcon;
				CODE_SIGN_STYLE = Automatic;
				DEVELOPMENT_TEAM = 4LCWFZ2JA9;
				INFOPLIST_FILE = tab_bar/Info.plist;
				LD_RUNPATH_SEARCH_PATHS = "$(inherited) @executable_path/Frameworks";
				PRODUCT_BUNDLE_IDENTIFIER = "none.tab-bar";
				PRODUCT_NAME = "$(TARGET_NAME)";
				SWIFT_VERSION = 4.0;
				TARGETED_DEVICE_FAMILY = "1,2";
			};
			name = Release;
		};
		A631041320604EDD0018A8D0 /* Debug */ = {
			isa = XCBuildConfiguration;
			buildSettings = {
				ALWAYS_EMBED_SWIFT_STANDARD_LIBRARIES = YES;
				BUNDLE_LOADER = "$(TEST_HOST)";
				CODE_SIGN_STYLE = Automatic;
				DEVELOPMENT_TEAM = 4LCWFZ2JA9;
				INFOPLIST_FILE = tab_barTests/Info.plist;
				LD_RUNPATH_SEARCH_PATHS = "$(inherited) @executable_path/Frameworks @loader_path/Frameworks";
				PRODUCT_BUNDLE_IDENTIFIER = "none.tab-barTests";
				PRODUCT_NAME = "$(TARGET_NAME)";
				SWIFT_VERSION = 4.0;
				TARGETED_DEVICE_FAMILY = "1,2";
				TEST_HOST = "$(BUILT_PRODUCTS_DIR)/tab_bar.app/tab_bar";
			};
			name = Debug;
		};
		A631041420604EDD0018A8D0 /* Release */ = {
			isa = XCBuildConfiguration;
			buildSettings = {
				ALWAYS_EMBED_SWIFT_STANDARD_LIBRARIES = YES;
				BUNDLE_LOADER = "$(TEST_HOST)";
				CODE_SIGN_STYLE = Automatic;
				DEVELOPMENT_TEAM = 4LCWFZ2JA9;
				INFOPLIST_FILE = tab_barTests/Info.plist;
				LD_RUNPATH_SEARCH_PATHS = "$(inherited) @executable_path/Frameworks @loader_path/Frameworks";
				PRODUCT_BUNDLE_IDENTIFIER = "none.tab-barTests";
				PRODUCT_NAME = "$(TARGET_NAME)";
				SWIFT_VERSION = 4.0;
				TARGETED_DEVICE_FAMILY = "1,2";
				TEST_HOST = "$(BUILT_PRODUCTS_DIR)/tab_bar.app/tab_bar";
			};
			name = Release;
		};
		A631041620604EDD0018A8D0 /* Debug */ = {
			isa = XCBuildConfiguration;
			buildSettings = {
				ALWAYS_EMBED_SWIFT_STANDARD_LIBRARIES = YES;
				CODE_SIGN_STYLE = Automatic;
				DEVELOPMENT_TEAM = 4LCWFZ2JA9;
				INFOPLIST_FILE = tab_barUITests/Info.plist;
				LD_RUNPATH_SEARCH_PATHS = "$(inherited) @executable_path/Frameworks @loader_path/Frameworks";
				PRODUCT_BUNDLE_IDENTIFIER = "none.tab-barUITests";
				PRODUCT_NAME = "$(TARGET_NAME)";
				SWIFT_VERSION = 4.0;
				TARGETED_DEVICE_FAMILY = "1,2";
				TEST_TARGET_NAME = tab_bar;
			};
			name = Debug;
		};
		A631041720604EDD0018A8D0 /* Release */ = {
			isa = XCBuildConfiguration;
			buildSettings = {
				ALWAYS_EMBED_SWIFT_STANDARD_LIBRARIES = YES;
				CODE_SIGN_STYLE = Automatic;
				DEVELOPMENT_TEAM = 4LCWFZ2JA9;
				INFOPLIST_FILE = tab_barUITests/Info.plist;
				LD_RUNPATH_SEARCH_PATHS = "$(inherited) @executable_path/Frameworks @loader_path/Frameworks";
				PRODUCT_BUNDLE_IDENTIFIER = "none.tab-barUITests";
				PRODUCT_NAME = "$(TARGET_NAME)";
				SWIFT_VERSION = 4.0;
				TARGETED_DEVICE_FAMILY = "1,2";
				TEST_TARGET_NAME = tab_bar;
			};
			name = Release;
		};
/* End XCBuildConfiguration section */

/* Begin XCConfigurationList section */
		A63103DF20604EDD0018A8D0 /* Build configuration list for PBXProject "tab_bar" */ = {
			isa = XCConfigurationList;
			buildConfigurations = (
				A631040D20604EDD0018A8D0 /* Debug */,
				A631040E20604EDD0018A8D0 /* Release */,
			);
			defaultConfigurationIsVisible = 0;
			defaultConfigurationName = Release;
		};
		A631040F20604EDD0018A8D0 /* Build configuration list for PBXNativeTarget "tab_bar" */ = {
			isa = XCConfigurationList;
			buildConfigurations = (
				A631041020604EDD0018A8D0 /* Debug */,
				A631041120604EDD0018A8D0 /* Release */,
			);
			defaultConfigurationIsVisible = 0;
			defaultConfigurationName = Release;
		};
		A631041220604EDD0018A8D0 /* Build configuration list for PBXNativeTarget "tab_barTests" */ = {
			isa = XCConfigurationList;
			buildConfigurations = (
				A631041320604EDD0018A8D0 /* Debug */,
				A631041420604EDD0018A8D0 /* Release */,
			);
			defaultConfigurationIsVisible = 0;
			defaultConfigurationName = Release;
		};
		A631041520604EDD0018A8D0 /* Build configuration list for PBXNativeTarget "tab_barUITests" */ = {
			isa = XCConfigurationList;
			buildConfigurations = (
				A631041620604EDD0018A8D0 /* Debug */,
				A631041720604EDD0018A8D0 /* Release */,
			);
			defaultConfigurationIsVisible = 0;
			defaultConfigurationName = Release;
		};
/* End XCConfigurationList section */

/* Begin XCVersionGroup section */
		A63103EE20604EDD0018A8D0 /* tab_bar.xcdatamodeld */ = {
			isa = XCVersionGroup;
			children = (
				A63103EF20604EDD0018A8D0 /* tab_bar.xcdatamodel */,
			);
			currentVersion = A63103EF20604EDD0018A8D0 /* tab_bar.xcdatamodel */;
			path = tab_bar.xcdatamodeld;
			sourceTree = "<group>";
			versionGroupType = wrapper.xcdatamodel;
		};
/* End XCVersionGroup section */
	};
	rootObject = A63103DC20604EDD0018A8D0 /* Project object */;
}
